
Microsoft Visual Studio Solution File, Format Version 12.00
# Visual Studio 2012
Project("{FAE04EC0-301F-11D3-BF4B-00C04F79EFBC}") = "FortySevenDeg.SwipeListView", "SwipeListView\FortySevenDeg.SwipeListView.csproj", "{252BC5DF-CB5E-4B68-B5E6-2FA96004E54C}"
EndProject
Global
	GlobalSection(SolutionConfigurationPlatforms) = preSolution
		Debug|Any CPU = Debug|Any CPU
		Release|Any CPU = Release|Any CPU
	EndGlobalSection
	GlobalSection(ProjectConfigurationPlatforms) = postSolution
		{252BC5DF-CB5E-4B68-B5E6-2FA96004E54C}.Debug|Any CPU.ActiveCfg = Debug|Any CPU
		{252BC5DF-CB5E-4B68-B5E6-2FA96004E54C}.Debug|Any CPU.Build.0 = Debug|Any CPU
		{252BC5DF-CB5E-4B68-B5E6-2FA96004E54C}.Release|Any CPU.ActiveCfg = Release|Any CPU
		{252BC5DF-CB5E-4B68-B5E6-2FA96004E54C}.Release|Any CPU.Build.0 = Release|Any CPU
	EndGlobalSection
	GlobalSection(MonoDevelopProperties) = preSolution
		StartupItem = SwipeListView\FortySevenDeg.SwipeListView.csproj
	EndGlobalSection
EndGlobal
